
Microsoft Visual Studio Solution File, Format Version 12.00
# Visual Studio 15
VisualStudioVersion = 15.0.26730.8
MinimumVisualStudioVersion = 10.0.40219.1
Project("{FAE04EC0-301F-11D3-BF4B-00C04F79EFBC}") = "Renting", "Renting\Renting.csproj", "{223886D3-B765-44F0-8BCE-826F5DFA1030}"
EndProject
Project("{FAE04EC0-301F-11D3-BF4B-00C04F79EFBC}") = "Renting.Tests", "Renting.Tests\Renting.Tests.csproj", "{F9527E4A-6CDE-4658-9DD1-356CF6B4D8EE}"
EndProject
Project("{FAE04EC0-301F-11D3-BF4B-00C04F79EFBC}") = "Renting.Domain", "Renting.Domain\Renting.Domain.csproj", "{79392F47-490B-4C02-A156-4D2FCFE32CA2}"
EndProject
Project("{FAE04EC0-301F-11D3-BF4B-00C04F79EFBC}") = "Renting.Interface", "Renting.Interface\Renting.Interface.csproj", "{DD76FEA2-DC65-417B-A054-A8B3DC3673F7}"
EndProject
Project("{FAE04EC0-301F-11D3-BF4B-00C04F79EFBC}") = "Renting.Repository", "Renting.Repository\Renting.Repository.csproj", "{09ACBDC3-6001-4132-A4FB-722268F07301}"
EndProject
Global
	GlobalSection(SolutionConfigurationPlatforms) = preSolution
		Debug|Any CPU = Debug|Any CPU
		Release|Any CPU = Release|Any CPU
	EndGlobalSection
	GlobalSection(ProjectConfigurationPlatforms) = postSolution
		{223886D3-B765-44F0-8BCE-826F5DFA1030}.Debug|Any CPU.ActiveCfg = Debug|Any CPU
		{223886D3-B765-44F0-8BCE-826F5DFA1030}.Debug|Any CPU.Build.0 = Debug|Any CPU
		{223886D3-B765-44F0-8BCE-826F5DFA1030}.Release|Any CPU.ActiveCfg = Release|Any CPU
		{223886D3-B765-44F0-8BCE-826F5DFA1030}.Release|Any CPU.Build.0 = Release|Any CPU
		{F9527E4A-6CDE-4658-9DD1-356CF6B4D8EE}.Debug|Any CPU.ActiveCfg = Debug|Any CPU
		{F9527E4A-6CDE-4658-9DD1-356CF6B4D8EE}.Debug|Any CPU.Build.0 = Debug|Any CPU
		{F9527E4A-6CDE-4658-9DD1-356CF6B4D8EE}.Release|Any CPU.ActiveCfg = Release|Any CPU
		{F9527E4A-6CDE-4658-9DD1-356CF6B4D8EE}.Release|Any CPU.Build.0 = Release|Any CPU
		{79392F47-490B-4C02-A156-4D2FCFE32CA2}.Debug|Any CPU.ActiveCfg = Debug|Any CPU
		{79392F47-490B-4C02-A156-4D2FCFE32CA2}.Debug|Any CPU.Build.0 = Debug|Any CPU
		{79392F47-490B-4C02-A156-4D2FCFE32CA2}.Release|Any CPU.ActiveCfg = Release|Any CPU
		{79392F47-490B-4C02-A156-4D2FCFE32CA2}.Release|Any CPU.Build.0 = Release|Any CPU
		{DD76FEA2-DC65-417B-A054-A8B3DC3673F7}.Debug|Any CPU.ActiveCfg = Debug|Any CPU
		{DD76FEA2-DC65-417B-A054-A8B3DC3673F7}.Debug|Any CPU.Build.0 = Debug|Any CPU
		{DD76FEA2-DC65-417B-A054-A8B3DC3673F7}.Release|Any CPU.ActiveCfg = Release|Any CPU
		{DD76FEA2-DC65-417B-A054-A8B3DC3673F7}.Release|Any CPU.Build.0 = Release|Any CPU
		{09ACBDC3-6001-4132-A4FB-722268F07301}.Debug|Any CPU.ActiveCfg = Debug|Any CPU
		{09ACBDC3-6001-4132-A4FB-722268F07301}.Debug|Any CPU.Build.0 = Debug|Any CPU
		{09ACBDC3-6001-4132-A4FB-722268F07301}.Release|Any CPU.ActiveCfg = Release|Any CPU
		{09ACBDC3-6001-4132-A4FB-722268F07301}.Release|Any CPU.Build.0 = Release|Any CPU
	EndGlobalSection
	GlobalSection(SolutionProperties) = preSolution
		HideSolutionNode = FALSE
	EndGlobalSection
	GlobalSection(ExtensibilityGlobals) = postSolution
		SolutionGuid = {F626A72E-D6AF-4551-A557-778826B72896}
	EndGlobalSection
EndGlobal
